// !$*UTF8*$!
{
	archiveVersion = 1;
	classes = {
	};
	objectVersion = 77;
	objects = {

/* Begin PBXContainerItemProxy section */
		D6B4F50B2F6AACD200C562BC /* PBXContainerItemProxy */ = {
			isa = PBXContainerItemProxy;
			containerPortal = D6B4F4F52F6AACD100C562BC /* Project object */;
			proxyType = 1;
			remoteGlobalIDString = D6B4F4FC2F6AACD100C562BC;
			remoteInfo = "NFC Tools [CTDO]";
		};
		D6B4F5152F6AACD200C562BC /* PBXContainerItemProxy */ = {
			isa = PBXContainerItemProxy;
			containerPortal = D6B4F4F52F6AACD100C562BC /* Project object */;
			proxyType = 1;
			remoteGlobalIDString = D6B4F4FC2F6AACD100C562BC;
			remoteInfo = "NFC Tools [CTDO]";
		};
/* End PBXContainerItemProxy section */

/* Begin PBXFileReference section */
		D6B4F4FD2F6AACD100C562BC /* NFC Tools [CTDO].app */ = {isa = PBXFileReference; explicitFileType = wrapper.application; includeInIndex = 0; name = "NFC Tools [CTDO].app"; path = "K-Transit.app"; sourceTree = BUILT_PRODUCTS_DIR; };
		D6B4F50A2F6AACD200C562BC /* NFC Tools [CTDO]Tests.xctest */ = {isa = PBXFileReference; explicitFileType = wrapper.cfbundle; includeInIndex = 0; name = "NFC Tools [CTDO]Tests.xctest"; path = "K-Transit.xctest"; sourceTree = BUILT_PRODUCTS_DIR; };
		D6B4F5142F6AACD200C562BC /* NFC Tools [CTDO]UITests.xctest */ = {isa = PBXFileReference; explicitFileType = wrapper.cfbundle; includeInIndex = 0; name = "NFC Tools [CTDO]UITests.xctest"; path = "K-Transit.xctest"; sourceTree = BUILT_PRODUCTS_DIR; };
/* End PBXFileReference section */

/* Begin PBXFileSystemSynchronizedRootGroup section */
		D6B4F4FF2F6AACD100C562BC /* NFC Tools [CTDO] */ = {
			isa = PBXFileSystemSynchronizedRootGroup;
			path = "NFC Tools [CTDO]";
			sourceTree = "<group>";
		};
		D6B4F50D2F6AACD200C562BC /* NFC Tools [CTDO]Tests */ = {
			isa = PBXFileSystemSynchronizedRootGroup;
			path = "NFC Tools [CTDO]Tests";
			sourceTree = "<group>";
		};
		D6B4F5172F6AACD200C562BC /* NFC Tools [CTDO]UITests */ = {
			isa = PBXFileSystemSynchronizedRootGroup;
			path = "NFC Tools [CTDO]UITests";
			sourceTree = "<group>";
		};
/* End PBXFileSystemSynchronizedRootGroup section */

/* Begin PBXFrameworksBuildPhase section */
		D6B4F4FA2F6AACD100C562BC /* Frameworks */ = {
			isa = PBXFrameworksBuildPhase;
			buildActionMask = 2147483647;
			files = (
			);
			runOnlyForDeploymentPostprocessing = 0;
		};
		D6B4F5072F6AACD200C562BC /* Frameworks */ = {
			isa = PBXFrameworksBuildPhase;
			buildActionMask = 2147483647;
			files = (
			);
			runOnlyForDeploymentPostprocessing = 0;
		};
		D6B4F5112F6AACD200C562BC /* Frameworks */ = {
			isa = PBXFrameworksBuildPhase;
			buildActionMask = 2147483647;
			files = (
			);
			runOnlyForDeploymentPostprocessing = 0;
		};
/* End PBXFrameworksBuildPhase section */

/* Begin PBXGroup section */
		D6B4F4F42F6AACD100C562BC = {
			isa = PBXGroup;
			children = (
				D6B4F4FF2F6AACD100C562BC /* NFC Tools [CTDO] */,
				D6B4F50D2F6AACD200C562BC /* NFC Tools [CTDO]Tests */,
				D6B4F5172F6AACD200C562BC /* NFC Tools [CTDO]UITests */,
				D6B4F4FE2F6AACD100C562BC /* Products */,
			);
			sourceTree = "<group>";
		};
		D6B4F4FE2F6AACD100C562BC /* Products */ = {
			isa = PBXGroup;
			children = (
				D6B4F4FD2F6AACD100C562BC /* NFC Tools [CTDO].app */,
				D6B4F50A2F6AACD200C562BC /* NFC Tools [CTDO]Tests.xctest */,
				D6B4F5142F6AACD200C562BC /* NFC Tools [CTDO]UITests.xctest */,
			);
			name = Products;
			sourceTree = "<group>";
		};
/* End PBXGroup section */

/* Begin PBXNativeTarget section */
		D6B4F4FC2F6AACD100C562BC /* NFC Tools [CTDO] */ = {
			isa = PBXNativeTarget;
			buildConfigurationList = D6B4F51E2F6AACD200C562BC /* Build configuration list for PBXNativeTarget "NFC Tools [CTDO]" */;
			buildPhases = (
				D6B4F4F92F6AACD100C562BC /* Sources */,
				D6B4F4FA2F6AACD100C562BC /* Frameworks */,
				D6B4F4FB2F6AACD100C562BC /* Resources */,
			);
			buildRules = (
			);
			dependencies = (
			);
			fileSystemSynchronizedGroups = (
				D6B4F4FF2F6AACD100C562BC /* NFC Tools [CTDO] */,
			);
			name = "NFC Tools [CTDO]";
			packageProductDependencies = (
			);
			productName = "NFC Tools [CTDO]";
			productReference = D6B4F4FD2F6AACD100C562BC /* NFC Tools [CTDO].app */;
			productType = "com.apple.product-type.application";
		};
		D6B4F5092F6AACD200C562BC /* NFC Tools [CTDO]Tests */ = {
			isa = PBXNativeTarget;
			buildConfigurationList = D6B4F5212F6AACD200C562BC /* Build configuration list for PBXNativeTarget "NFC Tools [CTDO]Tests" */;
			buildPhases = (
				D6B4F5062F6AACD200C562BC /* Sources */,
				D6B4F5072F6AACD200C562BC /* Frameworks */,
				D6B4F5082F6AACD200C562BC /* Resources */,
			);
			buildRules = (
			);
			dependencies = (
				D6B4F50C2F6AACD200C562BC /* PBXTargetDependency */,
			);
			fileSystemSynchronizedGroups = (
				D6B4F50D2F6AACD200C562BC /* NFC Tools [CTDO]Tests */,
			);
			name = "NFC Tools [CTDO]Tests";
			packageProductDependencies = (
			);
			productName = "NFC Tools [CTDO]Tests";
			productReference = D6B4F50A2F6AACD200C562BC /* NFC Tools [CTDO]Tests.xctest */;
			productType = "com.apple.product-type.bundle.unit-test";
		};
		D6B4F5132F6AACD200C562BC /* NFC Tools [CTDO]UITests */ = {
			isa = PBXNativeTarget;
			buildConfigurationList = D6B4F5242F6AACD200C562BC /* Build configuration list for PBXNativeTarget "NFC Tools [CTDO]UITests" */;
			buildPhases = (
				D6B4F5102F6AACD200C562BC /* Sources */,
				D6B4F5112F6AACD200C562BC /* Frameworks */,
				D6B4F5122F6AACD200C562BC /* Resources */,
			);
			buildRules = (
			);
			dependencies = (
				D6B4F5162F6AACD200C562BC /* PBXTargetDependency */,
			);
			fileSystemSynchronizedGroups = (
				D6B4F5172F6AACD200C562BC /* NFC Tools [CTDO]UITests */,
			);
			name = "NFC Tools [CTDO]UITests";
			packageProductDependencies = (
			);
			productName = "NFC Tools [CTDO]UITests";
			productReference = D6B4F5142F6AACD200C562BC /* NFC Tools [CTDO]UITests.xctest */;
			productType = "com.apple.product-type.bundle.ui-testing";
		};
/* End PBXNativeTarget section */

/* Begin PBXProject section */
		D6B4F4F52F6AACD100C562BC /* Project object */ = {
			isa = PBXProject;
			attributes = {
				BuildIndependentTargetsInParallel = 1;
				LastSwiftUpdateCheck = 2620;
				LastUpgradeCheck = 2620;
				TargetAttributes = {
					D6B4F4FC2F6AACD100C562BC = {
						CreatedOnToolsVersion = 26.2;
					};
					D6B4F5092F6AACD200C562BC = {
						CreatedOnToolsVersion = 26.2;
						TestTargetID = D6B4F4FC2F6AACD100C562BC;
					};
					D6B4F5132F6AACD200C562BC = {
						CreatedOnToolsVersion = 26.2;
						TestTargetID = D6B4F4FC2F6AACD100C562BC;
					};
				};
			};
			buildConfigurationList = D6B4F4F82F6AACD100C562BC /* Build configuration list for PBXProject "NFC Tools [CTDO]" */;
			developmentRegion = en;
			hasScannedForEncodings = 0;
			knownRegions = (
				en,
				ko,
				vi,
				Base,
			);
			mainGroup = D6B4F4F42F6AACD100C562BC;
			minimizedProjectReferenceProxies = 1;
			preferredProjectObjectVersion = 77;
			productRefGroup = D6B4F4FE2F6AACD100C562BC /* Products */;
			projectDirPath = "";
			projectRoot = "";
			targets = (
				D6B4F4FC2F6AACD100C562BC /* NFC Tools [CTDO] */,
				D6B4F5092F6AACD200C562BC /* NFC Tools [CTDO]Tests */,
				D6B4F5132F6AACD200C562BC /* NFC Tools [CTDO]UITests */,
			);
		};
/* End PBXProject section */

/* Begin PBXResourcesBuildPhase section */
		D6B4F4FB2F6AACD100C562BC /* Resources */ = {
			isa = PBXResourcesBuildPhase;
			buildActionMask = 2147483647;
			files = (
			);
			runOnlyForDeploymentPostprocessing = 0;
		};
		D6B4F5082F6AACD200C562BC /* Resources */ = {
			isa = PBXResourcesBuildPhase;
			buildActionMask = 2147483647;
			files = (
			);
			runOnlyForDeploymentPostprocessing = 0;
		};
		D6B4F5122F6AACD200C562BC /* Resources */ = {
			isa = PBXResourcesBuildPhase;
			buildActionMask = 2147483647;
			files = (
			);
			runOnlyForDeploymentPostprocessing = 0;
		};
/* End PBXResourcesBuildPhase section */

/* Begin PBXSourcesBuildPhase section */
		D6B4F4F92F6AACD100C562BC /* Sources */ = {
			isa = PBXSourcesBuildPhase;
			buildActionMask = 2147483647;
			files = (
			);
			runOnlyForDeploymentPostprocessing = 0;
		};
		D6B4F5062F6AACD200C562BC /* Sources */ = {
			isa = PBXSourcesBuildPhase;
			buildActionMask = 2147483647;
			files = (
			);
			runOnlyForDeploymentPostprocessing = 0;
		};
		D6B4F5102F6AACD200C562BC /* Sources */ = {
			isa = PBXSourcesBuildPhase;
			buildActionMask = 2147483647;
			files = (
			);
			runOnlyForDeploymentPostprocessing = 0;
		};
/* End PBXSourcesBuildPhase section */

/* Begin PBXTargetDependency section */
		D6B4F50C2F6AACD200C562BC /* PBXTargetDependency */ = {
			isa = PBXTargetDependency;
			target = D6B4F4FC2F6AACD100C562BC /* NFC Tools [CTDO] */;
			targetProxy = D6B4F50B2F6AACD200C562BC /* PBXContainerItemProxy */;
		};
		D6B4F5162F6AACD200C562BC /* PBXTargetDependency */ = {
			isa = PBXTargetDependency;
			target = D6B4F4FC2F6AACD100C562BC /* NFC Tools [CTDO] */;
			targetProxy = D6B4F5152F6AACD200C562BC /* PBXContainerItemProxy */;
		};
/* End PBXTargetDependency section */

/* Begin XCBuildConfiguration section */
		D6B4F51C2F6AACD200C562BC /* Debug */ = {
			isa = XCBuildConfiguration;
			buildSettings = {
				ALWAYS_SEARCH_USER_PATHS = NO;
				ASSETCATALOG_COMPILER_GENERATE_SWIFT_ASSET_SYMBOL_EXTENSIONS = YES;
				CLANG_ANALYZER_NONNULL = YES;
				CLANG_ANALYZER_NUMBER_OBJECT_CONVERSION = YES_AGGRESSIVE;
				CLANG_CXX_LANGUAGE_STANDARD = "gnu++20";
				CLANG_ENABLE_MODULES = YES;
				CLANG_ENABLE_OBJC_ARC = YES;
				CLANG_ENABLE_OBJC_WEAK = YES;
				CLANG_WARN_BLOCK_CAPTURE_AUTORELEASING = YES;
				CLANG_WARN_BOOL_CONVERSION = YES;
				CLANG_WARN_COMMA = YES;
				CLANG_WARN_CONSTANT_CONVERSION = YES;
				CLANG_WARN_DEPRECATED_OBJC_IMPLEMENTATIONS = YES;
				CLANG_WARN_DIRECT_OBJC_ISA_USAGE = YES_ERROR;
				CLANG_WARN_DOCUMENTATION_COMMENTS = YES;
				CLANG_WARN_EMPTY_BODY = YES;
				CLANG_WARN_ENUM_CONVERSION = YES;
				CLANG_WARN_INFINITE_RECURSION = YES;
				CLANG_WARN_INT_CONVERSION = YES;
				CLANG_WARN_NON_LITERAL_NULL_CONVERSION = YES;
				CLANG_WARN_OBJC_IMPLICIT_RETAIN_SELF = YES;
				CLANG_WARN_OBJC_LITERAL_CONVERSION = YES;
				CLANG_WARN_OBJC_ROOT_CLASS = YES_ERROR;
				CLANG_WARN_QUOTED_INCLUDE_IN_FRAMEWORK_HEADER = YES;
				CLANG_WARN_RANGE_LOOP_ANALYSIS = YES;
				CLANG_WARN_STRICT_PROTOTYPES = YES;
				CLANG_WARN_SUSPICIOUS_MOVE = YES;
				CLANG_WARN_UNGUARDED_AVAILABILITY = YES_AGGRESSIVE;
				CLANG_WARN_UNREACHABLE_CODE = YES;
				CLANG_WARN__DUPLICATE_METHOD_MATCH = YES;
				COPY_PHASE_STRIP = NO;
				DEBUG_INFORMATION_FORMAT = dwarf;
				DEVELOPMENT_TEAM = LLZM5H44HX;
				ENABLE_STRICT_OBJC_MSGSEND = YES;
				ENABLE_TESTABILITY = YES;
				ENABLE_USER_SCRIPT_SANDBOXING = YES;
				GCC_C_LANGUAGE_STANDARD = gnu17;
				GCC_DYNAMIC_NO_PIC = NO;
				GCC_NO_COMMON_BLOCKS = YES;
				GCC_OPTIMIZATION_LEVEL = 0;
				GCC_PREPROCESSOR_DEFINITIONS = (
					"DEBUG=1",
					"$(inherited)",
				);
				GCC_WARN_64_TO_32_BIT_CONVERSION = YES;
				GCC_WARN_ABOUT_RETURN_TYPE = YES_ERROR;
				GCC_WARN_UNDECLARED_SELECTOR = YES;
				GCC_WARN_UNINITIALIZED_AUTOS = YES_AGGRESSIVE;
				GCC_WARN_UNUSED_FUNCTION = YES;
				GCC_WARN_UNUSED_VARIABLE = YES;
				IPHONEOS_DEPLOYMENT_TARGET = 16.0;
				LOCALIZATION_PREFERS_STRING_CATALOGS = YES;
				MTL_ENABLE_DEBUG_INFO = INCLUDE_SOURCE;
				MTL_FAST_MATH = YES;
				ONLY_ACTIVE_ARCH = YES;
				SDKROOT = iphoneos;
				SWIFT_ACTIVE_COMPILATION_CONDITIONS = "DEBUG $(inherited)";
				SWIFT_OPTIMIZATION_LEVEL = "-Onone";
			};
			name = Debug;
		};
		D6B4F51D2F6AACD200C562BC /* Release */ = {
			isa = XCBuildConfiguration;
			buildSettings = {
				ALWAYS_SEARCH_USER_PATHS = NO;
				ASSETCATALOG_COMPILER_GENERATE_SWIFT_ASSET_SYMBOL_EXTENSIONS = YES;
				CLANG_ANALYZER_NONNULL = YES;
				CLANG_ANALYZER_NUMBER_OBJECT_CONVERSION = YES_AGGRESSIVE;
				CLANG_CXX_LANGUAGE_STANDARD = "gnu++20";
				CLANG_ENABLE_MODULES = YES;
				CLANG_ENABLE_OBJC_ARC = YES;
				CLANG_ENABLE_OBJC_WEAK = YES;
				CLANG_WARN_BLOCK_CAPTURE_AUTORELEASING = YES;
				CLANG_WARN_BOOL_CONVERSION = YES;
				CLANG_WARN_COMMA = YES;
				CLANG_WARN_CONSTANT_CONVERSION = YES;
				CLANG_WARN_DEPRECATED_OBJC_IMPLEMENTATIONS = YES;
				CLANG_WARN_DIRECT_OBJC_ISA_USAGE = YES_ERROR;
				CLANG_WARN_DOCUMENTATION_COMMENTS = YES;
				CLANG_WARN_EMPTY_BODY = YES;
				CLANG_WARN_ENUM_CONVERSION = YES;
				CLANG_WARN_INFINITE_RECURSION = YES;
				CLANG_WARN_INT_CONVERSION = YES;
				CLANG_WARN_NON_LITERAL_NULL_CONVERSION = YES;
				CLANG_WARN_OBJC_IMPLICIT_RETAIN_SELF = YES;
				CLANG_WARN_OBJC_LITERAL_CONVERSION = YES;
				CLANG_WARN_OBJC_ROOT_CLASS = YES_ERROR;
				CLANG_WARN_QUOTED_INCLUDE_IN_FRAMEWORK_HEADER = YES;
				CLANG_WARN_RANGE_LOOP_ANALYSIS = YES;
				CLANG_WARN_STRICT_PROTOTYPES = YES;
				CLANG_WARN_SUSPICIOUS_MOVE = YES;
				CLANG_WARN_UNGUARDED_AVAILABILITY = YES_AGGRESSIVE;
				CLANG_WARN_UNREACHABLE_CODE = YES;
				CLANG_WARN__DUPLICATE_METHOD_MATCH = YES;
				COPY_PHASE_STRIP = NO;
				DEBUG_INFORMATION_FORMAT = "dwarf-with-dsym";
				DEVELOPMENT_TEAM = LLZM5H44HX;
				ENABLE_NS_ASSERTIONS = NO;
				ENABLE_STRICT_OBJC_MSGSEND = YES;
				ENABLE_USER_SCRIPT_SANDBOXING = YES;
				GCC_C_LANGUAGE_STANDARD = gnu17;
				GCC_NO_COMMON_BLOCKS = YES;
				GCC_WARN_64_TO_32_BIT_CONVERSION = YES;
				GCC_WARN_ABOUT_RETURN_TYPE = YES_ERROR;
				GCC_WARN_UNDECLARED_SELECTOR = YES;
				GCC_WARN_UNINITIALIZED_AUTOS = YES_AGGRESSIVE;
				GCC_WARN_UNUSED_FUNCTION = YES;
				GCC_WARN_UNUSED_VARIABLE = YES;
				IPHONEOS_DEPLOYMENT_TARGET = 16.0;
				LOCALIZATION_PREFERS_STRING_CATALOGS = YES;
				MTL_ENABLE_DEBUG_INFO = NO;
				MTL_FAST_MATH = YES;
				SDKROOT = iphoneos;
				SWIFT_COMPILATION_MODE = wholemodule;
				VALIDATE_PRODUCT = YES;
			};
			name = Release;
		};
		D6B4F51F2F6AACD200C562BC /* Debug */ = {
			isa = XCBuildConfiguration;
			buildSettings = {
				ASSETCATALOG_COMPILER_APPICON_NAME = AppIcon;
				ASSETCATALOG_COMPILER_GLOBAL_ACCENT_COLOR_NAME = AccentColor;
				CODE_SIGN_ENTITLEMENTS = "NFC Tools [CTDO]/NFC Tools [CTDO].entitlements";
				CODE_SIGN_STYLE = Automatic;
				CURRENT_PROJECT_VERSION = 1;
				DEVELOPMENT_TEAM = LLZM5H44HX;
				ENABLE_PREVIEWS = YES;
				GENERATE_INFOPLIST_FILE = YES;
				INFOPLIST_FILE = Info.plist;
				INFOPLIST_KEY_CFBundleDisplayName = "K-Transit (케이트랜싯)";
				INFOPLIST_KEY_LSApplicationCategoryType = "public.app-category.utilities";
				INFOPLIST_KEY_NFCReaderUsageDescription = "이 앱은 한국 교통카드(T-money, Cashbee 등)를 읽기 위해 NFC를 사용합니다.";
				INFOPLIST_KEY_UIApplicationSceneManifest_Generation = YES;
				INFOPLIST_KEY_UIApplicationSupportsIndirectInputEvents = YES;
				INFOPLIST_KEY_UILaunchScreen_Generation = YES;
				INFOPLIST_KEY_UISupportedInterfaceOrientations_iPad = "UIInterfaceOrientationPortrait UIInterfaceOrientationPortraitUpsideDown UIInterfaceOrientationLandscapeLeft UIInterfaceOrientationLandscapeRight";
				INFOPLIST_KEY_UISupportedInterfaceOrientations_iPhone = "UIInterfaceOrientationPortrait UIInterfaceOrientationLandscapeLeft UIInterfaceOrientationLandscapeRight";
				IPHONEOS_DEPLOYMENT_TARGET = 16.0;
				LD_RUNPATH_SEARCH_PATHS = (
					"$(inherited)",
					"@executable_path/Frameworks",
				);
				MARKETING_VERSION = 1.0;
				PRODUCT_BUNDLE_IDENTIFIER = "com.ctdo.net.NFC-Tools";
				PRODUCT_NAME = "K-Transit";
				STRING_CATALOG_GENERATE_SYMBOLS = YES;
				SWIFT_APPROACHABLE_CONCURRENCY = YES;
				SWIFT_DEFAULT_ACTOR_ISOLATION = MainActor;
				SWIFT_EMIT_LOC_STRINGS = YES;
				SWIFT_UPCOMING_FEATURE_MEMBER_IMPORT_VISIBILITY = YES;
				SWIFT_VERSION = 5.0;
				TARGETED_DEVICE_FAMILY = "1,2";
			};
			name = Debug;
		};
		D6B4F5202F6AACD200C562BC /* Release */ = {
			isa = XCBuildConfiguration;
			buildSettings = {
				ASSETCATALOG_COMPILER_APPICON_NAME = AppIcon;
				ASSETCATALOG_COMPILER_GLOBAL_ACCENT_COLOR_NAME = AccentColor;
				CODE_SIGN_ENTITLEMENTS = "NFC Tools [CTDO]/NFC Tools [CTDO].entitlements";
				CODE_SIGN_STYLE = Automatic;
				CURRENT_PROJECT_VERSION = 1;
				DEVELOPMENT_TEAM = LLZM5H44HX;
				ENABLE_PREVIEWS = YES;
				GENERATE_INFOPLIST_FILE = YES;
				INFOPLIST_FILE = Info.plist;
				INFOPLIST_KEY_CFBundleDisplayName = "K-Transit (케이트랜싯)";
				INFOPLIST_KEY_LSApplicationCategoryType = "public.app-category.utilities";
				INFOPLIST_KEY_NFCReaderUsageDescription = "이 앱은 한국 교통카드(T-money, Cashbee 등)를 읽기 위해 NFC를 사용합니다.";
				INFOPLIST_KEY_UIApplicationSceneManifest_Generation = YES;
				INFOPLIST_KEY_UIApplicationSupportsIndirectInputEvents = YES;
				INFOPLIST_KEY_UILaunchScreen_Generation = YES;
				INFOPLIST_KEY_UISupportedInterfaceOrientations_iPad = "UIInterfaceOrientationPortrait UIInterfaceOrientationPortraitUpsideDown UIInterfaceOrientationLandscapeLeft UIInterfaceOrientationLandscapeRight";
				INFOPLIST_KEY_UISupportedInterfaceOrientations_iPhone = "UIInterfaceOrientationPortrait UIInterfaceOrientationLandscapeLeft UIInterfaceOrientationLandscapeRight";
				IPHONEOS_DEPLOYMENT_TARGET = 16.0;
				LD_RUNPATH_SEARCH_PATHS = (
					"$(inherited)",
					"@executable_path/Frameworks",
				);
				MARKETING_VERSION = 1.0;
				PRODUCT_BUNDLE_IDENTIFIER = "com.ctdo.net.NFC-Tools";
				PRODUCT_NAME = "K-Transit";
				STRING_CATALOG_GENERATE_SYMBOLS = YES;
				SWIFT_APPROACHABLE_CONCURRENCY = YES;
				SWIFT_DEFAULT_ACTOR_ISOLATION = MainActor;
				SWIFT_EMIT_LOC_STRINGS = YES;
				SWIFT_UPCOMING_FEATURE_MEMBER_IMPORT_VISIBILITY = YES;
				SWIFT_VERSION = 5.0;
				TARGETED_DEVICE_FAMILY = "1,2";
			};
			name = Release;
		};
		D6B4F5222F6AACD200C562BC /* Debug */ = {
			isa = XCBuildConfiguration;
			buildSettings = {
				BUNDLE_LOADER = "$(TEST_HOST)";
				CODE_SIGN_STYLE = Automatic;
				CURRENT_PROJECT_VERSION = 1;
				DEVELOPMENT_TEAM = LLZM5H44HX;
				GENERATE_INFOPLIST_FILE = YES;
				IPHONEOS_DEPLOYMENT_TARGET = 16.0;
				MARKETING_VERSION = 1.0;
				PRODUCT_BUNDLE_IDENTIFIER = "com.ctdo.net.NFC-Tools--CTDO-Tests";
				PRODUCT_NAME = "K-Transit";
				STRING_CATALOG_GENERATE_SYMBOLS = NO;
				SWIFT_APPROACHABLE_CONCURRENCY = YES;
				SWIFT_EMIT_LOC_STRINGS = NO;
				SWIFT_UPCOMING_FEATURE_MEMBER_IMPORT_VISIBILITY = YES;
				SWIFT_VERSION = 5.0;
				TARGETED_DEVICE_FAMILY = "1,2";
				TEST_HOST = "$(BUILT_PRODUCTS_DIR)/NFC Tools [CTDO].app/$(BUNDLE_EXECUTABLE_FOLDER_PATH)/NFC Tools [CTDO]";
			};
			name = Debug;
		};
		D6B4F5232F6AACD200C562BC /* Release */ = {
			isa = XCBuildConfiguration;
			buildSettings = {
				BUNDLE_LOADER = "$(TEST_HOST)";
				CODE_SIGN_STYLE = Automatic;
				CURRENT_PROJECT_VERSION = 1;
				DEVELOPMENT_TEAM = LLZM5H44HX;
				GENERATE_INFOPLIST_FILE = YES;
				IPHONEOS_DEPLOYMENT_TARGET = 16.0;
				MARKETING_VERSION = 1.0;
				PRODUCT_BUNDLE_IDENTIFIER = "com.ctdo.net.NFC-Tools--CTDO-Tests";
				PRODUCT_NAME = "K-Transit";
				STRING_CATALOG_GENERATE_SYMBOLS = NO;
				SWIFT_APPROACHABLE_CONCURRENCY = YES;
				SWIFT_EMIT_LOC_STRINGS = NO;
				SWIFT_UPCOMING_FEATURE_MEMBER_IMPORT_VISIBILITY = YES;
				SWIFT_VERSION = 5.0;
				TARGETED_DEVICE_FAMILY = "1,2";
				TEST_HOST = "$(BUILT_PRODUCTS_DIR)/NFC Tools [CTDO].app/$(BUNDLE_EXECUTABLE_FOLDER_PATH)/NFC Tools [CTDO]";
			};
			name = Release;
		};
		D6B4F5252F6AACD200C562BC /* Debug */ = {
			isa = XCBuildConfiguration;
			buildSettings = {
				CODE_SIGN_STYLE = Automatic;
				CURRENT_PROJECT_VERSION = 1;
				DEVELOPMENT_TEAM = LLZM5H44HX;
				GENERATE_INFOPLIST_FILE = YES;
				MARKETING_VERSION = 1.0;
				PRODUCT_BUNDLE_IDENTIFIER = "com.ctdo.net.NFC-Tools--CTDO-UITests";
				PRODUCT_NAME = "K-Transit";
				STRING_CATALOG_GENERATE_SYMBOLS = NO;
				SWIFT_APPROACHABLE_CONCURRENCY = YES;
				SWIFT_EMIT_LOC_STRINGS = NO;
				SWIFT_UPCOMING_FEATURE_MEMBER_IMPORT_VISIBILITY = YES;
				SWIFT_VERSION = 5.0;
				TARGETED_DEVICE_FAMILY = "1,2";
				TEST_TARGET_NAME = "NFC Tools [CTDO]";
			};
			name = Debug;
		};
		D6B4F5262F6AACD200C562BC /* Release */ = {
			isa = XCBuildConfiguration;
			buildSettings = {
				CODE_SIGN_STYLE = Automatic;
				CURRENT_PROJECT_VERSION = 1;
				DEVELOPMENT_TEAM = LLZM5H44HX;
				GENERATE_INFOPLIST_FILE = YES;
				MARKETING_VERSION = 1.0;
				PRODUCT_BUNDLE_IDENTIFIER = "com.ctdo.net.NFC-Tools--CTDO-UITests";
				PRODUCT_NAME = "K-Transit";
				STRING_CATALOG_GENERATE_SYMBOLS = NO;
				SWIFT_APPROACHABLE_CONCURRENCY = YES;
				SWIFT_EMIT_LOC_STRINGS = NO;
				SWIFT_UPCOMING_FEATURE_MEMBER_IMPORT_VISIBILITY = YES;
				SWIFT_VERSION = 5.0;
				TARGETED_DEVICE_FAMILY = "1,2";
				TEST_TARGET_NAME = "NFC Tools [CTDO]";
			};
			name = Release;
		};
/* End XCBuildConfiguration section */

/* Begin XCConfigurationList section */
		D6B4F4F82F6AACD100C562BC /* Build configuration list for PBXProject "NFC Tools [CTDO]" */ = {
			isa = XCConfigurationList;
			buildConfigurations = (
				D6B4F51C2F6AACD200C562BC /* Debug */,
				D6B4F51D2F6AACD200C562BC /* Release */,
			);
			defaultConfigurationIsVisible = 0;
			defaultConfigurationName = Release;
		};
		D6B4F51E2F6AACD200C562BC /* Build configuration list for PBXNativeTarget "NFC Tools [CTDO]" */ = {
			isa = XCConfigurationList;
			buildConfigurations = (
				D6B4F51F2F6AACD200C562BC /* Debug */,
				D6B4F5202F6AACD200C562BC /* Release */,
			);
			defaultConfigurationIsVisible = 0;
			defaultConfigurationName = Release;
		};
		D6B4F5212F6AACD200C562BC /* Build configuration list for PBXNativeTarget "NFC Tools [CTDO]Tests" */ = {
			isa = XCConfigurationList;
			buildConfigurations = (
				D6B4F5222F6AACD200C562BC /* Debug */,
				D6B4F5232F6AACD200C562BC /* Release */,
			);
			defaultConfigurationIsVisible = 0;
			defaultConfigurationName = Release;
		};
		D6B4F5242F6AACD200C562BC /* Build configuration list for PBXNativeTarget "NFC Tools [CTDO]UITests" */ = {
			isa = XCConfigurationList;
			buildConfigurations = (
				D6B4F5252F6AACD200C562BC /* Debug */,
				D6B4F5262F6AACD200C562BC /* Release */,
			);
			defaultConfigurationIsVisible = 0;
			defaultConfigurationName = Release;
		};
/* End XCConfigurationList section */
	};
	rootObject = D6B4F4F52F6AACD100C562BC /* Project object */;
}
